
Microsoft Visual Studio Solution File, Format Version 12.00
# Visual Studio Version 17
VisualStudioVersion = 17.7.34003.232
MinimumVisualStudioVersion = 10.0.40219.1
Project("{FAE04EC0-301F-11D3-BF4B-00C04F79EFBC}") = "İdentityExampleNet70", "İdentityExampleNet70\İdentityExampleNet70.csproj", "{BFE40ED4-55ED-4C8C-81DE-982B44E81451}"
EndProject
Global
	GlobalSection(SolutionConfigurationPlatforms) = preSolution
		Debug|Any CPU = Debug|Any CPU
		Release|Any CPU = Release|Any CPU
	EndGlobalSection
	GlobalSection(ProjectConfigurationPlatforms) = postSolution
		{BFE40ED4-55ED-4C8C-81DE-982B44E81451}.Debug|Any CPU.ActiveCfg = Debug|Any CPU
		{BFE40ED4-55ED-4C8C-81DE-982B44E81451}.Debug|Any CPU.Build.0 = Debug|Any CPU
		{BFE40ED4-55ED-4C8C-81DE-982B44E81451}.Release|Any CPU.ActiveCfg = Release|Any CPU
		{BFE40ED4-55ED-4C8C-81DE-982B44E81451}.Release|Any CPU.Build.0 = Release|Any CPU
	EndGlobalSection
	GlobalSection(SolutionProperties) = preSolution
		HideSolutionNode = FALSE
	EndGlobalSection
	GlobalSection(ExtensibilityGlobals) = postSolution
		SolutionGuid = {FDF6EF6C-F583-44E3-9EF6-43E433585E0D}
	EndGlobalSection
EndGlobal
